{
  "name": "popper",
  "version": "1.0.0",
  "lockfileVersion": 2,
  "requires": true,
  "packages": {
    "": {
      "name": "popper",
      "version": "1.0.0",
      "license": "ISC",
      "dependencies": {
        "@floating-ui/dom": "^1.2.0",
        "@popperjs/core": "^2.11.6"
      }
    },
    "node_modules/@floating-ui/core": {
      "version": "1.2.0",
      "resolved": "https://registry.npmjs.org/@floating-ui/core/-/core-1.2.0.tgz",
      "integrity": "sha512-GHUXPEhMEmTpnpIfesFA2KAoMJPb1SPQw964tToQwt+BbGXdhqTCWT1rOb0VURGylsxsYxiGMnseJ3IlclVpVA=="
    },
    "node_modules/@floating-ui/dom": {
      "version": "1.2.0",
      "resolved": "https://registry.npmjs.org/@floating-ui/dom/-/dom-1.2.0.tgz",
      "integrity": "sha512-QXzg57o1cjLz3cGETzKXjI3kx1xyS49DW9l7kV2jw2c8Yftd434t2hllX0sVGn2Q8MtcW/4pNm8bfE1/4n6mng==",
      "dependencies": {
        "@floating-ui/core": "^1.2.0"
      }
    },
    "node_modules/@popperjs/core": {
      "version": "2.11.6",
      "resolved": "https://registry.npmjs.org/@popperjs/core/-/core-2.11.6.tgz",
      "integrity": "sha512-50/17A98tWUfQ176raKiOGXuYpLyyVMkxxG6oylzL3BPOlA6ADGdK7EYunSa4I064xerltq9TGXs8HmOk5E+vw==",
      "funding": {
        "type": "opencollective",
        "url": "https://opencollective.com/popperjs"
      }
    }
  },
  "dependencies": {
    "@floating-ui/core": {
      "version": "1.2.0",
      "resolved": "https://registry.npmjs.org/@floating-ui/core/-/core-1.2.0.tgz",
      "integrity": "sha512-GHUXPEhMEmTpnpIfesFA2KAoMJPb1SPQw964tToQwt+BbGXdhqTCWT1rOb0VURGylsxsYxiGMnseJ3IlclVpVA=="
    },
    "@floating-ui/dom": {
      "version": "1.2.0",
      "resolved": "https://registry.npmjs.org/@floating-ui/dom/-/dom-1.2.0.tgz",
      "integrity": "sha512-QXzg57o1cjLz3cGETzKXjI3kx1xyS49DW9l7kV2jw2c8Yftd434t2hllX0sVGn2Q8MtcW/4pNm8bfE1/4n6mng==",
      "requires": {
        "@floating-ui/core": "^1.2.0"
      }
    },
    "@popperjs/core": {
      "version": "2.11.6",
      "resolved": "https://registry.npmjs.org/@popperjs/core/-/core-2.11.6.tgz",
      "integrity": "sha512-50/17A98tWUfQ176raKiOGXuYpLyyVMkxxG6oylzL3BPOlA6ADGdK7EYunSa4I064xerltq9TGXs8HmOk5E+vw=="
    }
  }
}
